// !$*UTF8*$!
{
	archiveVersion = 1;
	classes = {
	};
	objectVersion = 50;
	objects = {

/* Begin PBXBuildFile section */
		234CE10424279AF7006BFE11 /* AppDelegate.swift in Sources */ = {isa = PBXBuildFile; fileRef = 234CE10324279AF7006BFE11 /* AppDelegate.swift */; };
		234CE10624279AF7006BFE11 /* SceneDelegate.swift in Sources */ = {isa = PBXBuildFile; fileRef = 234CE10524279AF7006BFE11 /* SceneDelegate.swift */; };
		234CE10824279AF7006BFE11 /* ViewController.swift in Sources */ = {isa = PBXBuildFile; fileRef = 234CE10724279AF7006BFE11 /* ViewController.swift */; };
		234CE10B24279AF7006BFE11 /* Main.storyboard in Resources */ = {isa = PBXBuildFile; fileRef = 234CE10924279AF7006BFE11 /* Main.storyboard */; };
		234CE10D24279AF7006BFE11 /* Assets.xcassets in Resources */ = {isa = PBXBuildFile; fileRef = 234CE10C24279AF7006BFE11 /* Assets.xcassets */; };
		234CE11024279AF7006BFE11 /* LaunchScreen.storyboard in Resources */ = {isa = PBXBuildFile; fileRef = 234CE10E24279AF7006BFE11 /* LaunchScreen.storyboard */; };
		234CE11B24279AF7006BFE11 /* MyAlbumTests.swift in Sources */ = {isa = PBXBuildFile; fileRef = 234CE11A24279AF7006BFE11 /* MyAlbumTests.swift */; };
		234CE12624279AF7006BFE11 /* MyAlbumUITests.swift in Sources */ = {isa = PBXBuildFile; fileRef = 234CE12524279AF7006BFE11 /* MyAlbumUITests.swift */; };
/* End PBXBuildFile section */

/* Begin PBXContainerItemProxy section */
		234CE11724279AF7006BFE11 /* PBXContainerItemProxy */ = {
			isa = PBXContainerItemProxy;
			containerPortal = 234CE0F824279AF7006BFE11 /* Project object */;
			proxyType = 1;
			remoteGlobalIDString = 234CE0FF24279AF7006BFE11;
			remoteInfo = MyAlbum;
		};
		234CE12224279AF7006BFE11 /* PBXContainerItemProxy */ = {
			isa = PBXContainerItemProxy;
			containerPortal = 234CE0F824279AF7006BFE11 /* Project object */;
			proxyType = 1;
			remoteGlobalIDString = 234CE0FF24279AF7006BFE11;
			remoteInfo = MyAlbum;
		};
/* End PBXContainerItemProxy section */

/* Begin PBXFileReference section */
		234CE10024279AF7006BFE11 /* MyAlbum.app */ = {isa = PBXFileReference; explicitFileType = wrapper.application; includeInIndex = 0; path = MyAlbum.app; sourceTree = BUILT_PRODUCTS_DIR; };
		234CE10324279AF7006BFE11 /* AppDelegate.swift */ = {isa = PBXFileReference; lastKnownFileType = sourcecode.swift; path = AppDelegate.swift; sourceTree = "<group>"; };
		234CE10524279AF7006BFE11 /* SceneDelegate.swift */ = {isa = PBXFileReference; lastKnownFileType = sourcecode.swift; path = SceneDelegate.swift; sourceTree = "<group>"; };
		234CE10724279AF7006BFE11 /* ViewController.swift */ = {isa = PBXFileReference; lastKnownFileType = sourcecode.swift; path = ViewController.swift; sourceTree = "<group>"; };
		234CE10A24279AF7006BFE11 /* Base */ = {isa = PBXFileReference; lastKnownFileType = file.storyboard; name = Base; path = Base.lproj/Main.storyboard; sourceTree = "<group>"; };
		234CE10C24279AF7006BFE11 /* Assets.xcassets */ = {isa = PBXFileReference; lastKnownFileType = folder.assetcatalog; path = Assets.xcassets; sourceTree = "<group>"; };
		234CE10F24279AF7006BFE11 /* Base */ = {isa = PBXFileReference; lastKnownFileType = file.storyboard; name = Base; path = Base.lproj/LaunchScreen.storyboard; sourceTree = "<group>"; };
		234CE11124279AF7006BFE11 /* Info.plist */ = {isa = PBXFileReference; lastKnownFileType = text.plist.xml; path = Info.plist; sourceTree = "<group>"; };
		234CE11624279AF7006BFE11 /* MyAlbumTests.xctest */ = {isa = PBXFileReference; explicitFileType = wrapper.cfbundle; includeInIndex = 0; path = MyAlbumTests.xctest; sourceTree = BUILT_PRODUCTS_DIR; };
		234CE11A24279AF7006BFE11 /* MyAlbumTests.swift */ = {isa = PBXFileReference; lastKnownFileType = sourcecode.swift; path = MyAlbumTests.swift; sourceTree = "<group>"; };
		234CE11C24279AF7006BFE11 /* Info.plist */ = {isa = PBXFileReference; lastKnownFileType = text.plist.xml; path = Info.plist; sourceTree = "<group>"; };
		234CE12124279AF7006BFE11 /* MyAlbumUITests.xctest */ = {isa = PBXFileReference; explicitFileType = wrapper.cfbundle; includeInIndex = 0; path = MyAlbumUITests.xctest; sourceTree = BUILT_PRODUCTS_DIR; };
		234CE12524279AF7006BFE11 /* MyAlbumUITests.swift */ = {isa = PBXFileReference; lastKnownFileType = sourcecode.swift; path = MyAlbumUITests.swift; sourceTree = "<group>"; };
		234CE12724279AF7006BFE11 /* Info.plist */ = {isa = PBXFileReference; lastKnownFileType = text.plist.xml; path = Info.plist; sourceTree = "<group>"; };
/* End PBXFileReference section */

/* Begin PBXFrameworksBuildPhase section */
		234CE0FD24279AF7006BFE11 /* Frameworks */ = {
			isa = PBXFrameworksBuildPhase;
			buildActionMask = 2147483647;
			files = (
			);
			runOnlyForDeploymentPostprocessing = 0;
		};
		234CE11324279AF7006BFE11 /* Frameworks */ = {
			isa = PBXFrameworksBuildPhase;
			buildActionMask = 2147483647;
			files = (
			);
			runOnlyForDeploymentPostprocessing = 0;
		};
		234CE11E24279AF7006BFE11 /* Frameworks */ = {
			isa = PBXFrameworksBuildPhase;
			buildActionMask = 2147483647;
			files = (
			);
			runOnlyForDeploymentPostprocessing = 0;
		};
/* End PBXFrameworksBuildPhase section */

/* Begin PBXGroup section */
		234CE0F724279AF7006BFE11 = {
			isa = PBXGroup;
			children = (
				234CE10224279AF7006BFE11 /* MyAlbum */,
				234CE11924279AF7006BFE11 /* MyAlbumTests */,
				234CE12424279AF7006BFE11 /* MyAlbumUITests */,
				234CE10124279AF7006BFE11 /* Products */,
			);
			sourceTree = "<group>";
		};
		234CE10124279AF7006BFE11 /* Products */ = {
			isa = PBXGroup;
			children = (
				234CE10024279AF7006BFE11 /* MyAlbum.app */,
				234CE11624279AF7006BFE11 /* MyAlbumTests.xctest */,
				234CE12124279AF7006BFE11 /* MyAlbumUITests.xctest */,
			);
			name = Products;
			sourceTree = "<group>";
		};
		234CE10224279AF7006BFE11 /* MyAlbum */ = {
			isa = PBXGroup;
			children = (
				234CE10324279AF7006BFE11 /* AppDelegate.swift */,
				234CE10524279AF7006BFE11 /* SceneDelegate.swift */,
				234CE10724279AF7006BFE11 /* ViewController.swift */,
				234CE10924279AF7006BFE11 /* Main.storyboard */,
				234CE10C24279AF7006BFE11 /* Assets.xcassets */,
				234CE10E24279AF7006BFE11 /* LaunchScreen.storyboard */,
				234CE11124279AF7006BFE11 /* Info.plist */,
			);
			path = MyAlbum;
			sourceTree = "<group>";
		};
		234CE11924279AF7006BFE11 /* MyAlbumTests */ = {
			isa = PBXGroup;
			children = (
				234CE11A24279AF7006BFE11 /* MyAlbumTests.swift */,
				234CE11C24279AF7006BFE11 /* Info.plist */,
			);
			path = MyAlbumTests;
			sourceTree = "<group>";
		};
		234CE12424279AF7006BFE11 /* MyAlbumUITests */ = {
			isa = PBXGroup;
			children = (
				234CE12524279AF7006BFE11 /* MyAlbumUITests.swift */,
				234CE12724279AF7006BFE11 /* Info.plist */,
			);
			path = MyAlbumUITests;
			sourceTree = "<group>";
		};
/* End PBXGroup section */

/* Begin PBXNativeTarget section */
		234CE0FF24279AF7006BFE11 /* MyAlbum */ = {
			isa = PBXNativeTarget;
			buildConfigurationList = 234CE12A24279AF7006BFE11 /* Build configuration list for PBXNativeTarget "MyAlbum" */;
			buildPhases = (
				234CE0FC24279AF7006BFE11 /* Sources */,
				234CE0FD24279AF7006BFE11 /* Frameworks */,
				234CE0FE24279AF7006BFE11 /* Resources */,
			);
			buildRules = (
			);
			dependencies = (
			);
			name = MyAlbum;
			productName = MyAlbum;
			productReference = 234CE10024279AF7006BFE11 /* MyAlbum.app */;
			productType = "com.apple.product-type.application";
		};
		234CE11524279AF7006BFE11 /* MyAlbumTests */ = {
			isa = PBXNativeTarget;
			buildConfigurationList = 234CE12D24279AF7006BFE11 /* Build configuration list for PBXNativeTarget "MyAlbumTests" */;
			buildPhases = (
				234CE11224279AF7006BFE11 /* Sources */,
				234CE11324279AF7006BFE11 /* Frameworks */,
				234CE11424279AF7006BFE11 /* Resources */,
			);
			buildRules = (
			);
			dependencies = (
				234CE11824279AF7006BFE11 /* PBXTargetDependency */,
			);
			name = MyAlbumTests;
			productName = MyAlbumTests;
			productReference = 234CE11624279AF7006BFE11 /* MyAlbumTests.xctest */;
			productType = "com.apple.product-type.bundle.unit-test";
		};
		234CE12024279AF7006BFE11 /* MyAlbumUITests */ = {
			isa = PBXNativeTarget;
			buildConfigurationList = 234CE13024279AF7006BFE11 /* Build configuration list for PBXNativeTarget "MyAlbumUITests" */;
			buildPhases = (
				234CE11D24279AF7006BFE11 /* Sources */,
				234CE11E24279AF7006BFE11 /* Frameworks */,
				234CE11F24279AF7006BFE11 /* Resources */,
			);
			buildRules = (
			);
			dependencies = (
				234CE12324279AF7006BFE11 /* PBXTargetDependency */,
			);
			name = MyAlbumUITests;
			productName = MyAlbumUITests;
			productReference = 234CE12124279AF7006BFE11 /* MyAlbumUITests.xctest */;
			productType = "com.apple.product-type.bundle.ui-testing";
		};
/* End PBXNativeTarget section */

/* Begin PBXProject section */
		234CE0F824279AF7006BFE11 /* Project object */ = {
			isa = PBXProject;
			attributes = {
				LastSwiftUpdateCheck = 1130;
				LastUpgradeCheck = 1130;
				ORGANIZATIONNAME = com.dohoon;
				TargetAttributes = {
					234CE0FF24279AF7006BFE11 = {
						CreatedOnToolsVersion = 11.3.1;
					};
					234CE11524279AF7006BFE11 = {
						CreatedOnToolsVersion = 11.3.1;
						TestTargetID = 234CE0FF24279AF7006BFE11;
					};
					234CE12024279AF7006BFE11 = {
						CreatedOnToolsVersion = 11.3.1;
						TestTargetID = 234CE0FF24279AF7006BFE11;
					};
				};
			};
			buildConfigurationList = 234CE0FB24279AF7006BFE11 /* Build configuration list for PBXProject "MyAlbum" */;
			compatibilityVersion = "Xcode 9.3";
			developmentRegion = en;
			hasScannedForEncodings = 0;
			knownRegions = (
				en,
				Base,
			);
			mainGroup = 234CE0F724279AF7006BFE11;
			productRefGroup = 234CE10124279AF7006BFE11 /* Products */;
			projectDirPath = "";
			projectRoot = "";
			targets = (
				234CE0FF24279AF7006BFE11 /* MyAlbum */,
				234CE11524279AF7006BFE11 /* MyAlbumTests */,
				234CE12024279AF7006BFE11 /* MyAlbumUITests */,
			);
		};
/* End PBXProject section */

/* Begin PBXResourcesBuildPhase section */
		234CE0FE24279AF7006BFE11 /* Resources */ = {
			isa = PBXResourcesBuildPhase;
			buildActionMask = 2147483647;
			files = (
				234CE11024279AF7006BFE11 /* LaunchScreen.storyboard in Resources */,
				234CE10D24279AF7006BFE11 /* Assets.xcassets in Resources */,
				234CE10B24279AF7006BFE11 /* Main.storyboard in Resources */,
			);
			runOnlyForDeploymentPostprocessing = 0;
		};
		234CE11424279AF7006BFE11 /* Resources */ = {
			isa = PBXResourcesBuildPhase;
			buildActionMask = 2147483647;
			files = (
			);
			runOnlyForDeploymentPostprocessing = 0;
		};
		234CE11F24279AF7006BFE11 /* Resources */ = {
			isa = PBXResourcesBuildPhase;
			buildActionMask = 2147483647;
			files = (
			);
			runOnlyForDeploymentPostprocessing = 0;
		};
/* End PBXResourcesBuildPhase section */

/* Begin PBXSourcesBuildPhase section */
		234CE0FC24279AF7006BFE11 /* Sources */ = {
			isa = PBXSourcesBuildPhase;
			buildActionMask = 2147483647;
			files = (
				234CE10824279AF7006BFE11 /* ViewController.swift in Sources */,
				234CE10424279AF7006BFE11 /* AppDelegate.swift in Sources */,
				234CE10624279AF7006BFE11 /* SceneDelegate.swift in Sources */,
			);
			runOnlyForDeploymentPostprocessing = 0;
		};
		234CE11224279AF7006BFE11 /* Sources */ = {
			isa = PBXSourcesBuildPhase;
			buildActionMask = 2147483647;
			files = (
				234CE11B24279AF7006BFE11 /* MyAlbumTests.swift in Sources */,
			);
			runOnlyForDeploymentPostprocessing = 0;
		};
		234CE11D24279AF7006BFE11 /* Sources */ = {
			isa = PBXSourcesBuildPhase;
			buildActionMask = 2147483647;
			files = (
				234CE12624279AF7006BFE11 /* MyAlbumUITests.swift in Sources */,
			);
			runOnlyForDeploymentPostprocessing = 0;
		};
/* End PBXSourcesBuildPhase section */

/* Begin PBXTargetDependency section */
		234CE11824279AF7006BFE11 /* PBXTargetDependency */ = {
			isa = PBXTargetDependency;
			target = 234CE0FF24279AF7006BFE11 /* MyAlbum */;
			targetProxy = 234CE11724279AF7006BFE11 /* PBXContainerItemProxy */;
		};
		234CE12324279AF7006BFE11 /* PBXTargetDependency */ = {
			isa = PBXTargetDependency;
			target = 234CE0FF24279AF7006BFE11 /* MyAlbum */;
			targetProxy = 234CE12224279AF7006BFE11 /* PBXContainerItemProxy */;
		};
/* End PBXTargetDependency section */

/* Begin PBXVariantGroup section */
		234CE10924279AF7006BFE11 /* Main.storyboard */ = {
			isa = PBXVariantGroup;
			children = (
				234CE10A24279AF7006BFE11 /* Base */,
			);
			name = Main.storyboard;
			sourceTree = "<group>";
		};
		234CE10E24279AF7006BFE11 /* LaunchScreen.storyboard */ = {
			isa = PBXVariantGroup;
			children = (
				234CE10F24279AF7006BFE11 /* Base */,
			);
			name = LaunchScreen.storyboard;
			sourceTree = "<group>";
		};
/* End PBXVariantGroup section */

/* Begin XCBuildConfiguration section */
		234CE12824279AF7006BFE11 /* Debug */ = {
			isa = XCBuildConfiguration;
			buildSettings = {
				ALWAYS_SEARCH_USER_PATHS = NO;
				CLANG_ANALYZER_NONNULL = YES;
				CLANG_ANALYZER_NUMBER_OBJECT_CONVERSION = YES_AGGRESSIVE;
				CLANG_CXX_LANGUAGE_STANDARD = "gnu++14";
				CLANG_CXX_LIBRARY = "libc++";
				CLANG_ENABLE_MODULES = YES;
				CLANG_ENABLE_OBJC_ARC = YES;
				CLANG_ENABLE_OBJC_WEAK = YES;
				CLANG_WARN_BLOCK_CAPTURE_AUTORELEASING = YES;
				CLANG_WARN_BOOL_CONVERSION = YES;
				CLANG_WARN_COMMA = YES;
				CLANG_WARN_CONSTANT_CONVERSION = YES;
				CLANG_WARN_DEPRECATED_OBJC_IMPLEMENTATIONS = YES;
				CLANG_WARN_DIRECT_OBJC_ISA_USAGE = YES_ERROR;
				CLANG_WARN_DOCUMENTATION_COMMENTS = YES;
				CLANG_WARN_EMPTY_BODY = YES;
				CLANG_WARN_ENUM_CONVERSION = YES;
				CLANG_WARN_INFINITE_RECURSION = YES;
				CLANG_WARN_INT_CONVERSION = YES;
				CLANG_WARN_NON_LITERAL_NULL_CONVERSION = YES;
				CLANG_WARN_OBJC_IMPLICIT_RETAIN_SELF = YES;
				CLANG_WARN_OBJC_LITERAL_CONVERSION = YES;
				CLANG_WARN_OBJC_ROOT_CLASS = YES_ERROR;
				CLANG_WARN_RANGE_LOOP_ANALYSIS = YES;
				CLANG_WARN_STRICT_PROTOTYPES = YES;
				CLANG_WARN_SUSPICIOUS_MOVE = YES;
				CLANG_WARN_UNGUARDED_AVAILABILITY = YES_AGGRESSIVE;
				CLANG_WARN_UNREACHABLE_CODE = YES;
				CLANG_WARN__DUPLICATE_METHOD_MATCH = YES;
				COPY_PHASE_STRIP = NO;
				DEBUG_INFORMATION_FORMAT = dwarf;
				ENABLE_STRICT_OBJC_MSGSEND = YES;
				ENABLE_TESTABILITY = YES;
				GCC_C_LANGUAGE_STANDARD = gnu11;
				GCC_DYNAMIC_NO_PIC = NO;
				GCC_NO_COMMON_BLOCKS = YES;
				GCC_OPTIMIZATION_LEVEL = 0;
				GCC_PREPROCESSOR_DEFINITIONS = (
					"DEBUG=1",
					"$(inherited)",
				);
				GCC_WARN_64_TO_32_BIT_CONVERSION = YES;
				GCC_WARN_ABOUT_RETURN_TYPE = YES_ERROR;
				GCC_WARN_UNDECLARED_SELECTOR = YES;
				GCC_WARN_UNINITIALIZED_AUTOS = YES_AGGRESSIVE;
				GCC_WARN_UNUSED_FUNCTION = YES;
				GCC_WARN_UNUSED_VARIABLE = YES;
				IPHONEOS_DEPLOYMENT_TARGET = 13.2;
				MTL_ENABLE_DEBUG_INFO = INCLUDE_SOURCE;
				MTL_FAST_MATH = YES;
				ONLY_ACTIVE_ARCH = YES;
				SDKROOT = iphoneos;
				SWIFT_ACTIVE_COMPILATION_CONDITIONS = DEBUG;
				SWIFT_OPTIMIZATION_LEVEL = "-Onone";
			};
			name = Debug;
		};
		234CE12924279AF7006BFE11 /* Release */ = {
			isa = XCBuildConfiguration;
			buildSettings = {
				ALWAYS_SEARCH_USER_PATHS = NO;
				CLANG_ANALYZER_NONNULL = YES;
				CLANG_ANALYZER_NUMBER_OBJECT_CONVERSION = YES_AGGRESSIVE;
				CLANG_CXX_LANGUAGE_STANDARD = "gnu++14";
				CLANG_CXX_LIBRARY = "libc++";
				CLANG_ENABLE_MODULES = YES;
				CLANG_ENABLE_OBJC_ARC = YES;
				CLANG_ENABLE_OBJC_WEAK = YES;
				CLANG_WARN_BLOCK_CAPTURE_AUTORELEASING = YES;
				CLANG_WARN_BOOL_CONVERSION = YES;
				CLANG_WARN_COMMA = YES;
				CLANG_WARN_CONSTANT_CONVERSION = YES;
				CLANG_WARN_DEPRECATED_OBJC_IMPLEMENTATIONS = YES;
				CLANG_WARN_DIRECT_OBJC_ISA_USAGE = YES_ERROR;
				CLANG_WARN_DOCUMENTATION_COMMENTS = YES;
				CLANG_WARN_EMPTY_BODY = YES;
				CLANG_WARN_ENUM_CONVERSION = YES;
				CLANG_WARN_INFINITE_RECURSION = YES;
				CLANG_WARN_INT_CONVERSION = YES;
				CLANG_WARN_NON_LITERAL_NULL_CONVERSION = YES;
				CLANG_WARN_OBJC_IMPLICIT_RETAIN_SELF = YES;
				CLANG_WARN_OBJC_LITERAL_CONVERSION = YES;
				CLANG_WARN_OBJC_ROOT_CLASS = YES_ERROR;
				CLANG_WARN_RANGE_LOOP_ANALYSIS = YES;
				CLANG_WARN_STRICT_PROTOTYPES = YES;
				CLANG_WARN_SUSPICIOUS_MOVE = YES;
				CLANG_WARN_UNGUARDED_AVAILABILITY = YES_AGGRESSIVE;
				CLANG_WARN_UNREACHABLE_CODE = YES;
				CLANG_WARN__DUPLICATE_METHOD_MATCH = YES;
				COPY_PHASE_STRIP = NO;
				DEBUG_INFORMATION_FORMAT = "dwarf-with-dsym";
				ENABLE_NS_ASSERTIONS = NO;
				ENABLE_STRICT_OBJC_MSGSEND = YES;
				GCC_C_LANGUAGE_STANDARD = gnu11;
				GCC_NO_COMMON_BLOCKS = YES;
				GCC_WARN_64_TO_32_BIT_CONVERSION = YES;
				GCC_WARN_ABOUT_RETURN_TYPE = YES_ERROR;
				GCC_WARN_UNDECLARED_SELECTOR = YES;
				GCC_WARN_UNINITIALIZED_AUTOS = YES_AGGRESSIVE;
				GCC_WARN_UNUSED_FUNCTION = YES;
				GCC_WARN_UNUSED_VARIABLE = YES;
				IPHONEOS_DEPLOYMENT_TARGET = 13.2;
				MTL_ENABLE_DEBUG_INFO = NO;
				MTL_FAST_MATH = YES;
				SDKROOT = iphoneos;
				SWIFT_COMPILATION_MODE = wholemodule;
				SWIFT_OPTIMIZATION_LEVEL = "-O";
				VALIDATE_PRODUCT = YES;
			};
			name = Release;
		};
		234CE12B24279AF7006BFE11 /* Debug */ = {
			isa = XCBuildConfiguration;
			buildSettings = {
				ASSETCATALOG_COMPILER_APPICON_NAME = AppIcon;
				CODE_SIGN_STYLE = Automatic;
				INFOPLIST_FILE = MyAlbum/Info.plist;
				LD_RUNPATH_SEARCH_PATHS = (
					"$(inherited)",
					"@executable_path/Frameworks",
				);
				PRODUCT_BUNDLE_IDENTIFIER = com.dohoon.MyAlbum;
				PRODUCT_NAME = "$(TARGET_NAME)";
				SWIFT_VERSION = 5.0;
				TARGETED_DEVICE_FAMILY = "1,2";
			};
			name = Debug;
		};
		234CE12C24279AF7006BFE11 /* Release */ = {
			isa = XCBuildConfiguration;
			buildSettings = {
				ASSETCATALOG_COMPILER_APPICON_NAME = AppIcon;
				CODE_SIGN_STYLE = Automatic;
				INFOPLIST_FILE = MyAlbum/Info.plist;
				LD_RUNPATH_SEARCH_PATHS = (
					"$(inherited)",
					"@executable_path/Frameworks",
				);
				PRODUCT_BUNDLE_IDENTIFIER = com.dohoon.MyAlbum;
				PRODUCT_NAME = "$(TARGET_NAME)";
				SWIFT_VERSION = 5.0;
				TARGETED_DEVICE_FAMILY = "1,2";
			};
			name = Release;
		};
		234CE12E24279AF7006BFE11 /* Debug */ = {
			isa = XCBuildConfiguration;
			buildSettings = {
				ALWAYS_EMBED_SWIFT_STANDARD_LIBRARIES = YES;
				BUNDLE_LOADER = "$(TEST_HOST)";
				CODE_SIGN_STYLE = Automatic;
				INFOPLIST_FILE = MyAlbumTests/Info.plist;
				IPHONEOS_DEPLOYMENT_TARGET = 13.2;
				LD_RUNPATH_SEARCH_PATHS = (
					"$(inherited)",
					"@executable_path/Frameworks",
					"@loader_path/Frameworks",
				);
				PRODUCT_BUNDLE_IDENTIFIER = com.dohoon.MyAlbumTests;
				PRODUCT_NAME = "$(TARGET_NAME)";
				SWIFT_VERSION = 5.0;
				TARGETED_DEVICE_FAMILY = "1,2";
				TEST_HOST = "$(BUILT_PRODUCTS_DIR)/MyAlbum.app/MyAlbum";
			};
			name = Debug;
		};
		234CE12F24279AF7006BFE11 /* Release */ = {
			isa = XCBuildConfiguration;
			buildSettings = {
				ALWAYS_EMBED_SWIFT_STANDARD_LIBRARIES = YES;
				BUNDLE_LOADER = "$(TEST_HOST)";
				CODE_SIGN_STYLE = Automatic;
				INFOPLIST_FILE = MyAlbumTests/Info.plist;
				IPHONEOS_DEPLOYMENT_TARGET = 13.2;
				LD_RUNPATH_SEARCH_PATHS = (
					"$(inherited)",
					"@executable_path/Frameworks",
					"@loader_path/Frameworks",
				);
				PRODUCT_BUNDLE_IDENTIFIER = com.dohoon.MyAlbumTests;
				PRODUCT_NAME = "$(TARGET_NAME)";
				SWIFT_VERSION = 5.0;
				TARGETED_DEVICE_FAMILY = "1,2";
				TEST_HOST = "$(BUILT_PRODUCTS_DIR)/MyAlbum.app/MyAlbum";
			};
			name = Release;
		};
		234CE13124279AF7006BFE11 /* Debug */ = {
			isa = XCBuildConfiguration;
			buildSettings = {
				ALWAYS_EMBED_SWIFT_STANDARD_LIBRARIES = YES;
				CODE_SIGN_STYLE = Automatic;
				INFOPLIST_FILE = MyAlbumUITests/Info.plist;
				LD_RUNPATH_SEARCH_PATHS = (
					"$(inherited)",
					"@executable_path/Frameworks",
					"@loader_path/Frameworks",
				);
				PRODUCT_BUNDLE_IDENTIFIER = com.dohoon.MyAlbumUITests;
				PRODUCT_NAME = "$(TARGET_NAME)";
				SWIFT_VERSION = 5.0;
				TARGETED_DEVICE_FAMILY = "1,2";
				TEST_TARGET_NAME = MyAlbum;
			};
			name = Debug;
		};
		234CE13224279AF7006BFE11 /* Release */ = {
			isa = XCBuildConfiguration;
			buildSettings = {
				ALWAYS_EMBED_SWIFT_STANDARD_LIBRARIES = YES;
				CODE_SIGN_STYLE = Automatic;
				INFOPLIST_FILE = MyAlbumUITests/Info.plist;
				LD_RUNPATH_SEARCH_PATHS = (
					"$(inherited)",
					"@executable_path/Frameworks",
					"@loader_path/Frameworks",
				);
				PRODUCT_BUNDLE_IDENTIFIER = com.dohoon.MyAlbumUITests;
				PRODUCT_NAME = "$(TARGET_NAME)";
				SWIFT_VERSION = 5.0;
				TARGETED_DEVICE_FAMILY = "1,2";
				TEST_TARGET_NAME = MyAlbum;
			};
			name = Release;
		};
/* End XCBuildConfiguration section */

/* Begin XCConfigurationList section */
		234CE0FB24279AF7006BFE11 /* Build configuration list for PBXProject "MyAlbum" */ = {
			isa = XCConfigurationList;
			buildConfigurations = (
				234CE12824279AF7006BFE11 /* Debug */,
				234CE12924279AF7006BFE11 /* Release */,
			);
			defaultConfigurationIsVisible = 0;
			defaultConfigurationName = Release;
		};
		234CE12A24279AF7006BFE11 /* Build configuration list for PBXNativeTarget "MyAlbum" */ = {
			isa = XCConfigurationList;
			buildConfigurations = (
				234CE12B24279AF7006BFE11 /* Debug */,
				234CE12C24279AF7006BFE11 /* Release */,
			);
			defaultConfigurationIsVisible = 0;
			defaultConfigurationName = Release;
		};
		234CE12D24279AF7006BFE11 /* Build configuration list for PBXNativeTarget "MyAlbumTests" */ = {
			isa = XCConfigurationList;
			buildConfigurations = (
				234CE12E24279AF7006BFE11 /* Debug */,
				234CE12F24279AF7006BFE11 /* Release */,
			);
			defaultConfigurationIsVisible = 0;
			defaultConfigurationName = Release;
		};
		234CE13024279AF7006BFE11 /* Build configuration list for PBXNativeTarget "MyAlbumUITests" */ = {
			isa = XCConfigurationList;
			buildConfigurations = (
				234CE13124279AF7006BFE11 /* Debug */,
				234CE13224279AF7006BFE11 /* Release */,
			);
			defaultConfigurationIsVisible = 0;
			defaultConfigurationName = Release;
		};
/* End XCConfigurationList section */
	};
	rootObject = 234CE0F824279AF7006BFE11 /* Project object */;
}
